{
    "_readme": [
        "This file locks the dependencies of your project to a known state",
        "Read more about it at https://getcomposer.org/doc/01-basic-usage.md#installing-dependencies",
        "This file is @generated automatically"
    ],
    "content-hash": "412714bf1a154a48cfb30a32f42a6fc4",
    "packages": [
        {
            "name": "nopjmp/discord-webhooks",
            "version": "0.3.1",
            "source": {
                "type": "git",
                "url": "https://github.com/nopjmp/discord-webhooks.git",
                "reference": "79a923abebb0b764d8592605fe26750fb7dc9a46"
            },
            "dist": {
                "type": "zip",
                "url": "https://api.github.com/repos/nopjmp/discord-webhooks/zipball/79a923abebb0b764d8592605fe26750fb7dc9a46",
                "reference": "79a923abebb0b764d8592605fe26750fb7dc9a46",
                "shasum": ""
            },
            "require": {
                "ext-curl": "*",
                "php": ">=5.4"
            },
            "type": "library",
            "autoload": {
                "psr-4": {
                    "DiscordWebhooks\\": "DiscordWebhooks/"
                }
            },
            "notification-url": "https://packagist.org/downloads/",
            "license": [
                "MIT"
            ],
            "authors": [
                {
                    "name": "Kayla Thompson",
                    "email": "jmp@const.ninja"
                }
            ],
            "description": "A simple Discord webhook client library.",
            "time": "2018-04-27T04:13:39+00:00"
        }
    ],
    "packages-dev": [],
    "aliases": [],
    "minimum-stability": "stable",
    "stability-flags": [],
    "prefer-stable": false,
    "prefer-lowest": false,
    "platform": [],
    "platform-dev": []
}
